
Microsoft Visual Studio Solution File, Format Version 12.00
# Visual Studio Version 17
VisualStudioVersion = 17.7.34003.232
MinimumVisualStudioVersion = 10.0.40219.1
Project("{FAE04EC0-301F-11D3-BF4B-00C04F79EFBC}") = "DemoApp", "DemoApp\DemoApp.csproj", "{84D7F44E-A5F0-48C5-951B-E232F5E28FF3}"
EndProject
Global
	GlobalSection(SolutionConfigurationPlatforms) = preSolution
		Debug|Any CPU = Debug|Any CPU
		Release|Any CPU = Release|Any CPU
	EndGlobalSection
	GlobalSection(ProjectConfigurationPlatforms) = postSolution
		{84D7F44E-A5F0-48C5-951B-E232F5E28FF3}.Debug|Any CPU.ActiveCfg = Debug|Any CPU
		{84D7F44E-A5F0-48C5-951B-E232F5E28FF3}.Debug|Any CPU.Build.0 = Debug|Any CPU
		{84D7F44E-A5F0-48C5-951B-E232F5E28FF3}.Release|Any CPU.ActiveCfg = Release|Any CPU
		{84D7F44E-A5F0-48C5-951B-E232F5E28FF3}.Release|Any CPU.Build.0 = Release|Any CPU
	EndGlobalSection
	GlobalSection(SolutionProperties) = preSolution
		HideSolutionNode = FALSE
	EndGlobalSection
	GlobalSection(ExtensibilityGlobals) = postSolution
		SolutionGuid = {948CB168-CF34-45B7-9DEC-76DB417ACC61}
	EndGlobalSection
EndGlobal
